
Microsoft Visual Studio Solution File, Format Version 12.00
Project("{FAE04EC0-301F-11D3-BF4B-00C04F79EFBC}") = "ModToolFramework", "ModToolFramework\ModToolFramework.csproj", "{23193811-358F-4DE1-B035-25B9AF78F627}"
EndProject
Project("{FAE04EC0-301F-11D3-BF4B-00C04F79EFBC}") = "OnStreamTapeLibrary", "OnStreamTapeLibrary\OnStreamTapeLibrary.csproj", "{91CAFB30-13F4-45B8-B102-339571D1C5A3}"
EndProject
Project("{FAE04EC0-301F-11D3-BF4B-00C04F79EFBC}") = "RetrospectTape", "RetrospectAppleTapeExtractor\RetrospectTape.csproj", "{E057B9D0-E72F-40D3-9D13-DC79363E89BE}"
EndProject
Project("{FAE04EC0-301F-11D3-BF4B-00C04F79EFBC}") = "OnStreamSCArcServeExtractor", "arcserve-file-extractor\OnStreamSCArcServeExtractor.csproj", "{BA402B90-374B-49B2-8865-DA01965388C7}"
EndProject
Global
	GlobalSection(SolutionConfigurationPlatforms) = preSolution
		Debug|Any CPU = Debug|Any CPU
		Release|Any CPU = Release|Any CPU
	EndGlobalSection
	GlobalSection(ProjectConfigurationPlatforms) = postSolution
		{23193811-358F-4DE1-B035-25B9AF78F627}.Debug|Any CPU.ActiveCfg = Debug|Any CPU
		{23193811-358F-4DE1-B035-25B9AF78F627}.Debug|Any CPU.Build.0 = Debug|Any CPU
		{23193811-358F-4DE1-B035-25B9AF78F627}.Release|Any CPU.ActiveCfg = Release|Any CPU
		{23193811-358F-4DE1-B035-25B9AF78F627}.Release|Any CPU.Build.0 = Release|Any CPU
		{91CAFB30-13F4-45B8-B102-339571D1C5A3}.Debug|Any CPU.ActiveCfg = Debug|Any CPU
		{91CAFB30-13F4-45B8-B102-339571D1C5A3}.Debug|Any CPU.Build.0 = Debug|Any CPU
		{91CAFB30-13F4-45B8-B102-339571D1C5A3}.Release|Any CPU.ActiveCfg = Release|Any CPU
		{91CAFB30-13F4-45B8-B102-339571D1C5A3}.Release|Any CPU.Build.0 = Release|Any CPU
		{E057B9D0-E72F-40D3-9D13-DC79363E89BE}.Debug|Any CPU.ActiveCfg = Debug|Any CPU
		{E057B9D0-E72F-40D3-9D13-DC79363E89BE}.Debug|Any CPU.Build.0 = Debug|Any CPU
		{E057B9D0-E72F-40D3-9D13-DC79363E89BE}.Release|Any CPU.ActiveCfg = Release|Any CPU
		{E057B9D0-E72F-40D3-9D13-DC79363E89BE}.Release|Any CPU.Build.0 = Release|Any CPU
		{BA402B90-374B-49B2-8865-DA01965388C7}.Debug|Any CPU.ActiveCfg = Debug|Any CPU
		{BA402B90-374B-49B2-8865-DA01965388C7}.Debug|Any CPU.Build.0 = Debug|Any CPU
		{BA402B90-374B-49B2-8865-DA01965388C7}.Release|Any CPU.ActiveCfg = Release|Any CPU
		{BA402B90-374B-49B2-8865-DA01965388C7}.Release|Any CPU.Build.0 = Release|Any CPU
	EndGlobalSection
EndGlobal
